
Microsoft Visual Studio Solution File, Format Version 12.00
# Visual Studio Version 16
VisualStudioVersion = 16.0.31424.327
MinimumVisualStudioVersion = 10.0.40219.1
Project("{FAE04EC0-301F-11D3-BF4B-00C04F79EFBC}") = "270б Форма", "270б Форма\270б Форма.csproj", "{1B83077E-DBCC-4C42-8EEC-F5081B8EAAFF}"
EndProject
Global
	GlobalSection(SolutionConfigurationPlatforms) = preSolution
		Debug|Any CPU = Debug|Any CPU
		Release|Any CPU = Release|Any CPU
	EndGlobalSection
	GlobalSection(ProjectConfigurationPlatforms) = postSolution
		{1B83077E-DBCC-4C42-8EEC-F5081B8EAAFF}.Debug|Any CPU.ActiveCfg = Debug|Any CPU
		{1B83077E-DBCC-4C42-8EEC-F5081B8EAAFF}.Debug|Any CPU.Build.0 = Debug|Any CPU
		{1B83077E-DBCC-4C42-8EEC-F5081B8EAAFF}.Release|Any CPU.ActiveCfg = Release|Any CPU
		{1B83077E-DBCC-4C42-8EEC-F5081B8EAAFF}.Release|Any CPU.Build.0 = Release|Any CPU
	EndGlobalSection
	GlobalSection(SolutionProperties) = preSolution
		HideSolutionNode = FALSE
	EndGlobalSection
	GlobalSection(ExtensibilityGlobals) = postSolution
		SolutionGuid = {D874F789-3C8F-4A4E-9D24-FAB2542E0FED}
	EndGlobalSection
EndGlobal
