
Microsoft Visual Studio Solution File, Format Version 12.00
# Visual Studio Version 16
VisualStudioVersion = 16.0.31424.327
MinimumVisualStudioVersion = 10.0.40219.1
Project("{8BC9CEB8-8B4A-11D0-8D11-00A0C91BC942}") = "338", "338\338.vcxproj", "{2696AC51-CFA1-4CCC-85D1-DA69A5663CC5}"
EndProject
Global
	GlobalSection(SolutionConfigurationPlatforms) = preSolution
		Debug|x64 = Debug|x64
		Debug|x86 = Debug|x86
		Release|x64 = Release|x64
		Release|x86 = Release|x86
	EndGlobalSection
	GlobalSection(ProjectConfigurationPlatforms) = postSolution
		{2696AC51-CFA1-4CCC-85D1-DA69A5663CC5}.Debug|x64.ActiveCfg = Debug|x64
		{2696AC51-CFA1-4CCC-85D1-DA69A5663CC5}.Debug|x64.Build.0 = Debug|x64
		{2696AC51-CFA1-4CCC-85D1-DA69A5663CC5}.Debug|x86.ActiveCfg = Debug|Win32
		{2696AC51-CFA1-4CCC-85D1-DA69A5663CC5}.Debug|x86.Build.0 = Debug|Win32
		{2696AC51-CFA1-4CCC-85D1-DA69A5663CC5}.Release|x64.ActiveCfg = Release|x64
		{2696AC51-CFA1-4CCC-85D1-DA69A5663CC5}.Release|x64.Build.0 = Release|x64
		{2696AC51-CFA1-4CCC-85D1-DA69A5663CC5}.Release|x86.ActiveCfg = Release|Win32
		{2696AC51-CFA1-4CCC-85D1-DA69A5663CC5}.Release|x86.Build.0 = Release|Win32
	EndGlobalSection
	GlobalSection(SolutionProperties) = preSolution
		HideSolutionNode = FALSE
	EndGlobalSection
	GlobalSection(ExtensibilityGlobals) = postSolution
		SolutionGuid = {CCE05FA9-BD42-404F-97FF-BDC984B6CA85}
	EndGlobalSection
EndGlobal
